
Microsoft Visual Studio Solution File, Format Version 12.00
# Visual Studio Version 17
VisualStudioVersion = 17.0.31903.59
MinimumVisualStudioVersion = 10.0.40219.1
Project("{2150E333-8FDC-42A3-9474-1A3956D46DE8}") = "src", "src", "{0E38531E-C97D-498E-89F0-9430B00CF674}"
EndProject
Project("{2150E333-8FDC-42A3-9474-1A3956D46DE8}") = "Services", "Services", "{95B0CC24-1FA7-409D-A3D5-CD512C061A43}"
EndProject
Project("{2150E333-8FDC-42A3-9474-1A3956D46DE8}") = "Users", "Users", "{0ADFCD10-7ACE-4131-8A5F-A3901E3BD32C}"
EndProject
Project("{FAE04EC0-301F-11D3-BF4B-00C04F79EFBC}") = "Users.Api", "src\Services\Users\Users.Api\Users.Api.csproj", "{8D13F709-B4B6-463E-B472-EA8759661695}"
EndProject
Project("{FAE04EC0-301F-11D3-BF4B-00C04F79EFBC}") = "Users.Core", "src\Services\Users\Users.Core\Users.Core.csproj", "{4AE0A9FE-AF54-46A8-81EB-8669D9A414C6}"
EndProject
Project("{FAE04EC0-301F-11D3-BF4B-00C04F79EFBC}") = "Users.Infrastructure", "src\Services\Users\Users.Infrastructure\Users.Infrastructure.csproj", "{1E3A2CBD-3289-4E74-A042-C2D0507591DC}"
EndProject
Project("{2150E333-8FDC-42A3-9474-1A3956D46DE8}") = "tests", "tests", "{8C03E899-83CB-4ACE-87BB-15B7D83EFA29}"
EndProject
Project("{2150E333-8FDC-42A3-9474-1A3956D46DE8}") = "Services", "Services", "{9057A58C-E1D9-48B7-AF50-F84BACCD2FB8}"
EndProject
Project("{2150E333-8FDC-42A3-9474-1A3956D46DE8}") = "Users", "Users", "{D4F4036F-C109-4775-A35F-D5F0D186BE27}"
EndProject
Project("{FAE04EC0-301F-11D3-BF4B-00C04F79EFBC}") = "Users.Api.UnitTests", "tests\Services\Users\Users.Api.UnitTests\Users.Api.UnitTests.csproj", "{CA8310EB-1A9C-4C3F-AD62-6870C10F8C35}"
EndProject
Project("{FAE04EC0-301F-11D3-BF4B-00C04F79EFBC}") = "Users.Api.IntegrationTests", "tests\Services\Users\Users.Api.IntegrationTests\Users.Api.IntegrationTests.csproj", "{43F83A32-9734-4F48-B834-0BCFCEC681E6}"
EndProject
Project("{FAE04EC0-301F-11D3-BF4B-00C04F79EFBC}") = "Users.Core.UnitTests", "tests\Services\Users\Users.Core.UnitTests\Users.Core.UnitTests.csproj", "{7E7C72BB-8B93-4A8C-96C4-FDD18CD483BC}"
EndProject
Project("{FAE04EC0-301F-11D3-BF4B-00C04F79EFBC}") = "Users.Infrastructure.IntegrationTests", "tests\Services\Users\Users.Infrastructure.IntegrationTests\Users.Infrastructure.IntegrationTests.csproj", "{EB7664CC-1B90-4F72-86D7-722D3245B055}"
EndProject
Global
	GlobalSection(SolutionConfigurationPlatforms) = preSolution
		Debug|Any CPU = Debug|Any CPU
		Release|Any CPU = Release|Any CPU
	EndGlobalSection
	GlobalSection(SolutionProperties) = preSolution
		HideSolutionNode = FALSE
	EndGlobalSection
	GlobalSection(ProjectConfigurationPlatforms) = postSolution
		{8D13F709-B4B6-463E-B472-EA8759661695}.Debug|Any CPU.ActiveCfg = Debug|Any CPU
		{8D13F709-B4B6-463E-B472-EA8759661695}.Debug|Any CPU.Build.0 = Debug|Any CPU
		{8D13F709-B4B6-463E-B472-EA8759661695}.Release|Any CPU.ActiveCfg = Release|Any CPU
		{8D13F709-B4B6-463E-B472-EA8759661695}.Release|Any CPU.Build.0 = Release|Any CPU
		{4AE0A9FE-AF54-46A8-81EB-8669D9A414C6}.Debug|Any CPU.ActiveCfg = Debug|Any CPU
		{4AE0A9FE-AF54-46A8-81EB-8669D9A414C6}.Debug|Any CPU.Build.0 = Debug|Any CPU
		{4AE0A9FE-AF54-46A8-81EB-8669D9A414C6}.Release|Any CPU.ActiveCfg = Release|Any CPU
		{4AE0A9FE-AF54-46A8-81EB-8669D9A414C6}.Release|Any CPU.Build.0 = Release|Any CPU
		{1E3A2CBD-3289-4E74-A042-C2D0507591DC}.Debug|Any CPU.ActiveCfg = Debug|Any CPU
		{1E3A2CBD-3289-4E74-A042-C2D0507591DC}.Debug|Any CPU.Build.0 = Debug|Any CPU
		{1E3A2CBD-3289-4E74-A042-C2D0507591DC}.Release|Any CPU.ActiveCfg = Release|Any CPU
		{1E3A2CBD-3289-4E74-A042-C2D0507591DC}.Release|Any CPU.Build.0 = Release|Any CPU
		{CA8310EB-1A9C-4C3F-AD62-6870C10F8C35}.Debug|Any CPU.ActiveCfg = Debug|Any CPU
		{CA8310EB-1A9C-4C3F-AD62-6870C10F8C35}.Debug|Any CPU.Build.0 = Debug|Any CPU
		{CA8310EB-1A9C-4C3F-AD62-6870C10F8C35}.Release|Any CPU.ActiveCfg = Release|Any CPU
		{CA8310EB-1A9C-4C3F-AD62-6870C10F8C35}.Release|Any CPU.Build.0 = Release|Any CPU
		{43F83A32-9734-4F48-B834-0BCFCEC681E6}.Debug|Any CPU.ActiveCfg = Debug|Any CPU
		{43F83A32-9734-4F48-B834-0BCFCEC681E6}.Debug|Any CPU.Build.0 = Debug|Any CPU
		{43F83A32-9734-4F48-B834-0BCFCEC681E6}.Release|Any CPU.ActiveCfg = Release|Any CPU
		{43F83A32-9734-4F48-B834-0BCFCEC681E6}.Release|Any CPU.Build.0 = Release|Any CPU
		{7E7C72BB-8B93-4A8C-96C4-FDD18CD483BC}.Debug|Any CPU.ActiveCfg = Debug|Any CPU
		{7E7C72BB-8B93-4A8C-96C4-FDD18CD483BC}.Debug|Any CPU.Build.0 = Debug|Any CPU
		{7E7C72BB-8B93-4A8C-96C4-FDD18CD483BC}.Release|Any CPU.ActiveCfg = Release|Any CPU
		{7E7C72BB-8B93-4A8C-96C4-FDD18CD483BC}.Release|Any CPU.Build.0 = Release|Any CPU
		{EB7664CC-1B90-4F72-86D7-722D3245B055}.Debug|Any CPU.ActiveCfg = Debug|Any CPU
		{EB7664CC-1B90-4F72-86D7-722D3245B055}.Debug|Any CPU.Build.0 = Debug|Any CPU
		{EB7664CC-1B90-4F72-86D7-722D3245B055}.Release|Any CPU.ActiveCfg = Release|Any CPU
		{EB7664CC-1B90-4F72-86D7-722D3245B055}.Release|Any CPU.Build.0 = Release|Any CPU
	EndGlobalSection
	GlobalSection(NestedProjects) = preSolution
		{95B0CC24-1FA7-409D-A3D5-CD512C061A43} = {0E38531E-C97D-498E-89F0-9430B00CF674}
		{0ADFCD10-7ACE-4131-8A5F-A3901E3BD32C} = {95B0CC24-1FA7-409D-A3D5-CD512C061A43}
		{8D13F709-B4B6-463E-B472-EA8759661695} = {0ADFCD10-7ACE-4131-8A5F-A3901E3BD32C}
		{4AE0A9FE-AF54-46A8-81EB-8669D9A414C6} = {0ADFCD10-7ACE-4131-8A5F-A3901E3BD32C}
		{1E3A2CBD-3289-4E74-A042-C2D0507591DC} = {0ADFCD10-7ACE-4131-8A5F-A3901E3BD32C}
		{9057A58C-E1D9-48B7-AF50-F84BACCD2FB8} = {8C03E899-83CB-4ACE-87BB-15B7D83EFA29}
		{D4F4036F-C109-4775-A35F-D5F0D186BE27} = {9057A58C-E1D9-48B7-AF50-F84BACCD2FB8}
		{CA8310EB-1A9C-4C3F-AD62-6870C10F8C35} = {D4F4036F-C109-4775-A35F-D5F0D186BE27}
		{43F83A32-9734-4F48-B834-0BCFCEC681E6} = {D4F4036F-C109-4775-A35F-D5F0D186BE27}
		{7E7C72BB-8B93-4A8C-96C4-FDD18CD483BC} = {D4F4036F-C109-4775-A35F-D5F0D186BE27}
		{EB7664CC-1B90-4F72-86D7-722D3245B055} = {D4F4036F-C109-4775-A35F-D5F0D186BE27}
	EndGlobalSection
EndGlobal
